
Microsoft Visual Studio Solution File, Format Version 12.00
# Visual Studio Version 17
VisualStudioVersion = 17.14.36203.30 d17.14
MinimumVisualStudioVersion = 10.0.40219.1
Project("{FAE04EC0-301F-11D3-BF4B-00C04F79EFBC}") = "CtrlPay.Core", "CtrlPay.Core\CtrlPay.Core.csproj", "{02AF9A11-93CB-4A34-ADFF-F273A466F64A}"
EndProject
Project("{FAE04EC0-301F-11D3-BF4B-00C04F79EFBC}") = "CtrlPay.Database", "CtrlPay.Database\CtrlPay.Database.csproj", "{BD85614F-654E-4D1B-A34C-7FEBDCC757AF}"
EndProject
Project("{FAE04EC0-301F-11D3-BF4B-00C04F79EFBC}") = "CtrlPay.API", "CtrlPay.API\CtrlPay.API.csproj", "{4B1DB71F-ACB5-4923-8337-BA55F6B39229}"
EndProject
Global
	GlobalSection(SolutionConfigurationPlatforms) = preSolution
		Debug|Any CPU = Debug|Any CPU
		Release|Any CPU = Release|Any CPU
	EndGlobalSection
	GlobalSection(ProjectConfigurationPlatforms) = postSolution
		{02AF9A11-93CB-4A34-ADFF-F273A466F64A}.Debug|Any CPU.ActiveCfg = Debug|Any CPU
		{02AF9A11-93CB-4A34-ADFF-F273A466F64A}.Debug|Any CPU.Build.0 = Debug|Any CPU
		{02AF9A11-93CB-4A34-ADFF-F273A466F64A}.Release|Any CPU.ActiveCfg = Release|Any CPU
		{02AF9A11-93CB-4A34-ADFF-F273A466F64A}.Release|Any CPU.Build.0 = Release|Any CPU
		{BD85614F-654E-4D1B-A34C-7FEBDCC757AF}.Debug|Any CPU.ActiveCfg = Debug|Any CPU
		{BD85614F-654E-4D1B-A34C-7FEBDCC757AF}.Debug|Any CPU.Build.0 = Debug|Any CPU
		{BD85614F-654E-4D1B-A34C-7FEBDCC757AF}.Release|Any CPU.ActiveCfg = Release|Any CPU
		{BD85614F-654E-4D1B-A34C-7FEBDCC757AF}.Release|Any CPU.Build.0 = Release|Any CPU
		{4B1DB71F-ACB5-4923-8337-BA55F6B39229}.Debug|Any CPU.ActiveCfg = Debug|Any CPU
		{4B1DB71F-ACB5-4923-8337-BA55F6B39229}.Debug|Any CPU.Build.0 = Debug|Any CPU
		{4B1DB71F-ACB5-4923-8337-BA55F6B39229}.Release|Any CPU.ActiveCfg = Release|Any CPU
		{4B1DB71F-ACB5-4923-8337-BA55F6B39229}.Release|Any CPU.Build.0 = Release|Any CPU
	EndGlobalSection
	GlobalSection(SolutionProperties) = preSolution
		HideSolutionNode = FALSE
	EndGlobalSection
	GlobalSection(ExtensibilityGlobals) = postSolution
		SolutionGuid = {7C599884-D283-47EA-A2AE-24FC364D0A37}
	EndGlobalSection
EndGlobal
